lockfile_version: "1"
generated_at: "2026-04-24T15:02:21.338810+00:00"
apm_version: 0.9.2
dependencies:
  - repo_url: github/awesome-copilot
    host: github.com
    resolved_commit: a3c13fae17da54fdcf0fc4bed7b1cd50e41bd259
    resolved_ref: a3c13fae17da54fdcf0fc4bed7b1cd50e41bd259
    virtual_path: skills/azure-deployment-preflight
    is_virtual: true
    package_type: claude_skill
    deployed_files:
      - .github/skills/azure-deployment-preflight
    content_hash: sha256:3ea8b0bb700d4ffd8d793a3ca9fd2bd608a776a76aadcc1fd613f8d63ac9c585
  - repo_url: github/awesome-copilot
    host: github.com
    resolved_commit: 822d0407def3f01367d09ce35855eb6d8e3ace7c
    resolved_ref: 822d0407def3f01367d09ce35855eb6d8e3ace7c
    virtual_path: skills/microsoft-docs
    is_virtual: true
    package_type: claude_skill
    deployed_files:
      - .github/skills/microsoft-docs
    content_hash: sha256:e49127ff2162330ac79bfde9e7ed1297df15be9ade09164fdebfe697153fcc36
  - repo_url: github/awesome-copilot
    host: github.com
    resolved_commit: b1f3346ef2d05f445b19a46bfeaeb887010b323d
    resolved_ref: b1f3346ef2d05f445b19a46bfeaeb887010b323d
    virtual_path: skills/webapp-testing
    is_virtual: true
    package_type: claude_skill
    deployed_files:
      - .github/skills/webapp-testing
    content_hash: sha256:ef6fdb26c90b74f35123f134bcacf69fa854f86dda589a073777e679b8fe4866
